
Microsoft Visual Studio Solution File, Format Version 12.00
# Visual Studio Version 16
VisualStudioVersion = 16.0.30320.27
MinimumVisualStudioVersion = 10.0.40219.1
Project("{9A19103F-16F7-4668-BE54-9A1E7A4F7556}") = "myMLApp", "myMLApp\myMLApp.csproj", "{5F1B5663-BEE8-4DC1-B096-8C262E00B2E9}"
EndProject
Project("{9A19103F-16F7-4668-BE54-9A1E7A4F7556}") = "TextClassificationTF", "TextClassificationTF\TextClassificationTF.csproj", "{3D10C529-AF71-4E83-A29E-89035A112877}"
EndProject
Project("{9A19103F-16F7-4668-BE54-9A1E7A4F7556}") = "SentimentAnalysis", "SentimentAnalysis\SentimentAnalysis.csproj", "{46BAC16F-DB88-48DA-BE7B-2E212EA4C356}"
EndProject
Project("{FAE04EC0-301F-11D3-BF4B-00C04F79EFBC}") = "TaxiFarePrediction", "TaxiFarePrediction\TaxiFarePrediction.csproj", "{7243D839-0326-4B12-9B03-84D19835076A}"
EndProject
Global
	GlobalSection(SolutionConfigurationPlatforms) = preSolution
		Debug|Any CPU = Debug|Any CPU
		Release|Any CPU = Release|Any CPU
	EndGlobalSection
	GlobalSection(ProjectConfigurationPlatforms) = postSolution
		{5F1B5663-BEE8-4DC1-B096-8C262E00B2E9}.Debug|Any CPU.ActiveCfg = Debug|Any CPU
		{5F1B5663-BEE8-4DC1-B096-8C262E00B2E9}.Debug|Any CPU.Build.0 = Debug|Any CPU
		{5F1B5663-BEE8-4DC1-B096-8C262E00B2E9}.Release|Any CPU.ActiveCfg = Release|Any CPU
		{5F1B5663-BEE8-4DC1-B096-8C262E00B2E9}.Release|Any CPU.Build.0 = Release|Any CPU
		{3D10C529-AF71-4E83-A29E-89035A112877}.Debug|Any CPU.ActiveCfg = Debug|Any CPU
		{3D10C529-AF71-4E83-A29E-89035A112877}.Debug|Any CPU.Build.0 = Debug|Any CPU
		{3D10C529-AF71-4E83-A29E-89035A112877}.Release|Any CPU.ActiveCfg = Release|Any CPU
		{3D10C529-AF71-4E83-A29E-89035A112877}.Release|Any CPU.Build.0 = Release|Any CPU
		{46BAC16F-DB88-48DA-BE7B-2E212EA4C356}.Debug|Any CPU.ActiveCfg = Debug|Any CPU
		{46BAC16F-DB88-48DA-BE7B-2E212EA4C356}.Debug|Any CPU.Build.0 = Debug|Any CPU
		{46BAC16F-DB88-48DA-BE7B-2E212EA4C356}.Release|Any CPU.ActiveCfg = Release|Any CPU
		{46BAC16F-DB88-48DA-BE7B-2E212EA4C356}.Release|Any CPU.Build.0 = Release|Any CPU
		{7243D839-0326-4B12-9B03-84D19835076A}.Debug|Any CPU.ActiveCfg = Debug|Any CPU
		{7243D839-0326-4B12-9B03-84D19835076A}.Debug|Any CPU.Build.0 = Debug|Any CPU
		{7243D839-0326-4B12-9B03-84D19835076A}.Release|Any CPU.ActiveCfg = Release|Any CPU
		{7243D839-0326-4B12-9B03-84D19835076A}.Release|Any CPU.Build.0 = Release|Any CPU
	EndGlobalSection
	GlobalSection(SolutionProperties) = preSolution
		HideSolutionNode = FALSE
	EndGlobalSection
	GlobalSection(ExtensibilityGlobals) = postSolution
		SolutionGuid = {963897E1-1C92-4A90-8867-B0C697C4CA52}
	EndGlobalSection
EndGlobal
